
Microsoft Visual Studio Solution File, Format Version 12.00
# Visual Studio 14
VisualStudioVersion = 14.0.23107.0
MinimumVisualStudioVersion = 10.0.40219.1
Project("{FAE04EC0-301F-11D3-BF4B-00C04F79EFBC}") = "MoonRay.UI", "MoonRay.UI\MoonRay.UI.csproj", "{F8ADD64C-B718-407D-87DF-BAF439240B5C}"
EndProject
Project("{FAE04EC0-301F-11D3-BF4B-00C04F79EFBC}") = "MoonRay.SceneInterpreter", "MoonRay.SceneInterpreter\MoonRay.SceneInterpreter.csproj", "{CFF6A5C3-0C96-448C-981A-8C07AC0436ED}"
EndProject
Project("{F2A71F9B-5D33-465A-A702-920D77279786}") = "MoonRay.Raytracer", "MoonRay.Raytracer\MoonRay.Raytracer.fsproj", "{C3A18C64-A9C9-42C7-A126-AB2097A55496}"
EndProject
Project("{F2A71F9B-5D33-465A-A702-920D77279786}") = "MoonRay", "MoonRay\MoonRay.fsproj", "{4360E9DA-1832-44E4-BB6F-C3D7CBD9DC55}"
EndProject
Global
	GlobalSection(SolutionConfigurationPlatforms) = preSolution
		Debug|Any CPU = Debug|Any CPU
		Release|Any CPU = Release|Any CPU
	EndGlobalSection
	GlobalSection(ProjectConfigurationPlatforms) = postSolution
		{F8ADD64C-B718-407D-87DF-BAF439240B5C}.Debug|Any CPU.ActiveCfg = Debug|Any CPU
		{F8ADD64C-B718-407D-87DF-BAF439240B5C}.Debug|Any CPU.Build.0 = Debug|Any CPU
		{F8ADD64C-B718-407D-87DF-BAF439240B5C}.Release|Any CPU.ActiveCfg = Release|Any CPU
		{F8ADD64C-B718-407D-87DF-BAF439240B5C}.Release|Any CPU.Build.0 = Release|Any CPU
		{CFF6A5C3-0C96-448C-981A-8C07AC0436ED}.Debug|Any CPU.ActiveCfg = Debug|Any CPU
		{CFF6A5C3-0C96-448C-981A-8C07AC0436ED}.Debug|Any CPU.Build.0 = Debug|Any CPU
		{CFF6A5C3-0C96-448C-981A-8C07AC0436ED}.Release|Any CPU.ActiveCfg = Release|Any CPU
		{CFF6A5C3-0C96-448C-981A-8C07AC0436ED}.Release|Any CPU.Build.0 = Release|Any CPU
		{C3A18C64-A9C9-42C7-A126-AB2097A55496}.Debug|Any CPU.ActiveCfg = Debug|Any CPU
		{C3A18C64-A9C9-42C7-A126-AB2097A55496}.Debug|Any CPU.Build.0 = Debug|Any CPU
		{C3A18C64-A9C9-42C7-A126-AB2097A55496}.Release|Any CPU.ActiveCfg = Release|Any CPU
		{C3A18C64-A9C9-42C7-A126-AB2097A55496}.Release|Any CPU.Build.0 = Release|Any CPU
		{4360E9DA-1832-44E4-BB6F-C3D7CBD9DC55}.Debug|Any CPU.ActiveCfg = Debug|Any CPU
		{4360E9DA-1832-44E4-BB6F-C3D7CBD9DC55}.Debug|Any CPU.Build.0 = Debug|Any CPU
		{4360E9DA-1832-44E4-BB6F-C3D7CBD9DC55}.Release|Any CPU.ActiveCfg = Release|Any CPU
		{4360E9DA-1832-44E4-BB6F-C3D7CBD9DC55}.Release|Any CPU.Build.0 = Release|Any CPU
	EndGlobalSection
	GlobalSection(SolutionProperties) = preSolution
		HideSolutionNode = FALSE
	EndGlobalSection
EndGlobal
